{
  "name": "rspack-minify-repro",
  "lockfileVersion": 3,
  "requires": true,
  "packages": {
    "": {
      "name": "rspack-minify-repro",
      "dependencies": {
        "@rspack/cli": "2.1.10",
        "@rspack/core": "2.1.10"
      }
    },
    "node_modules/@emnapi/core": {
      "version": "1.11.3",
      "resolved": "https://bnpm.byted.org/@emnapi/core/-/core-1.11.3.tgz",
      "integrity": "sha512-zLpS5asjEb7lq8jYLq37N6XKaE41DIexlY1rF/z4/tIl3wo13Sqm28fRyfIsKZD+NZ8mM5RoKkpW/rBcuoSZSg==",
      "license": "MIT",
      "optional": true,
      "peer": true,
      "dependencies": {
        "@emnapi/wasi-threads": "1.2.3",
        "tslib": "^2.4.0"
      }
    },
    "node_modules/@emnapi/runtime": {
      "version": "1.11.3",
      "resolved": "https://bnpm.byted.org/@emnapi/runtime/-/runtime-1.11.3.tgz",
      "integrity": "sha512-Xz4Tpyki7XyrpbUK1jR1AhdAdaXyhhY4lZ3neLodmhpuWfy2PAQN5B46sAiU4liOXGLkHypn/qU+jvfWSCYYLA==",
      "license": "MIT",
      "optional": true,
      "peer": true,
      "dependencies": {
        "tslib": "^2.4.0"
      }
    },
    "node_modules/@emnapi/wasi-threads": {
      "version": "1.2.3",
      "resolved": "https://bnpm.byted.org/@emnapi/wasi-threads/-/wasi-threads-1.2.3.tgz",
      "integrity": "sha512-ELEBe8PsLvvJ6QMr0zLt8ffvOHW/dc1m3CEzNMg7aJUv3bMaoDtw2TXyDAwkYBuroxxuHEwhRTLJSe5sya547g==",
      "license": "MIT",
      "optional": true,
      "dependencies": {
        "tslib": "^2.4.0"
      }
    },
    "node_modules/@napi-rs/wasm-runtime": {
      "version": "1.1.6",
      "resolved": "https://bnpm.byted.org/@napi-rs/wasm-runtime/-/wasm-runtime-1.1.6.tgz",
      "integrity": "sha512-ZLv/JdUfkvOy9eCnnBaGfiO+XimbjebAeO+MRQqD/B+FR1tnRN0tpKSJHRbE8sFfS6aqsXZ67TQjfwfsxULVbg==",
      "license": "MIT",
      "optional": true,
      "dependencies": {
        "@tybys/wasm-util": "^0.10.3"
      },
      "funding": {
        "type": "github",
        "url": "https://github.com/sponsors/Brooooooklyn"
      },
      "peerDependencies": {
        "@emnapi/core": "^1.7.1",
        "@emnapi/runtime": "^1.7.1"
      }
    },
    "node_modules/@rspack/binding": {
      "version": "2.1.10",
      "resolved": "https://bnpm.byted.org/@rspack/binding/-/binding-2.1.10.tgz",
      "integrity": "sha512-vnu/UP5HnrND15lO9+VeG6eUrbTyycHNQNQ3XEiRiFojuoiGZkIZC3Hbzr8qQH44C6vScPODEPvvIVvLcO2LpQ==",
      "license": "MIT",
      "optionalDependencies": {
        "@rspack/binding-darwin-arm64": "2.1.10",
        "@rspack/binding-darwin-x64": "2.1.10",
        "@rspack/binding-linux-arm64-gnu": "2.1.10",
        "@rspack/binding-linux-arm64-musl": "2.1.10",
        "@rspack/binding-linux-ppc64-gnu": "2.1.10",
        "@rspack/binding-linux-riscv64-gnu": "2.1.10",
        "@rspack/binding-linux-riscv64-musl": "2.1.10",
        "@rspack/binding-linux-s390x-gnu": "2.1.10",
        "@rspack/binding-linux-x64-gnu": "2.1.10",
        "@rspack/binding-linux-x64-musl": "2.1.10",
        "@rspack/binding-wasm32-wasi": "2.1.10",
        "@rspack/binding-win32-arm64-msvc": "2.1.10",
        "@rspack/binding-win32-ia32-msvc": "2.1.10",
        "@rspack/binding-win32-x64-msvc": "2.1.10"
      }
    },
    "node_modules/@rspack/binding-darwin-arm64": {
      "version": "2.1.10",
      "resolved": "https://bnpm.byted.org/@rspack/binding-darwin-arm64/-/binding-darwin-arm64-2.1.10.tgz",
      "integrity": "sha512-DZlcTpbIb2mjeS1aSG4k01UH33Zj7T+k8ZylPK6HmsKs4JvK4wgpWFC78WVv3p/Aj3MZS6DwtDLwpZ2Ihj/fpg==",
      "cpu": [
        "arm64"
      ],
      "license": "MIT",
      "optional": true,
      "os": [
        "darwin"
      ]
    },
    "node_modules/@rspack/binding-darwin-x64": {
      "version": "2.1.10",
      "resolved": "https://bnpm.byted.org/@rspack/binding-darwin-x64/-/binding-darwin-x64-2.1.10.tgz",
      "integrity": "sha512-my/0h2LwxCRT6cg3oDDC2e0ZOxQLVajAdIcv0fqnQk5JRNvVuL89PuTutitnSqie1A0/JSL8OQz5XHwmoS3kow==",
      "cpu": [
        "x64"
      ],
      "license": "MIT",
      "optional": true,
      "os": [
        "darwin"
      ]
    },
    "node_modules/@rspack/binding-linux-arm64-gnu": {
      "version": "2.1.10",
      "resolved": "https://bnpm.byted.org/@rspack/binding-linux-arm64-gnu/-/binding-linux-arm64-gnu-2.1.10.tgz",
      "integrity": "sha512-laevn9g+E5PAUEGqiKe6Ju5KApsuQYp+bPI17XS3Lkl8eqL5pS/BmHYU7QMlst4GzV8+wlruVTMh//+st6Vqzg==",
      "cpu": [
        "arm64"
      ],
      "license": "MIT",
      "optional": true,
      "os": [
        "linux"
      ]
    },
    "node_modules/@rspack/binding-linux-arm64-musl": {
      "version": "2.1.10",
      "resolved": "https://bnpm.byted.org/@rspack/binding-linux-arm64-musl/-/binding-linux-arm64-musl-2.1.10.tgz",
      "integrity": "sha512-V71+Qz5G72+ROZXrJn5zxOszdG1AEbO8pcC/itXXtf4yRR6a3bVHKNKGhipBNxb8eI6cnD/01FH1h3ZG655jLw==",
      "cpu": [
        "arm64"
      ],
      "license": "MIT",
      "optional": true,
      "os": [
        "linux"
      ]
    },
    "node_modules/@rspack/binding-linux-ppc64-gnu": {
      "version": "2.1.10",
      "resolved": "https://bnpm.byted.org/@rspack/binding-linux-ppc64-gnu/-/binding-linux-ppc64-gnu-2.1.10.tgz",
      "integrity": "sha512-U7HlNzHcDtZ+LYOtOJmtx67kHEybZzUUAaP7aEXjGYO5WTCgh/176sW2UYP0rmZLrgUNFUuzn+B98RLaClNaVg==",
      "cpu": [
        "ppc64"
      ],
      "license": "MIT",
      "optional": true,
      "os": [
        "linux"
      ]
    },
    "node_modules/@rspack/binding-linux-riscv64-gnu": {
      "version": "2.1.10",
      "resolved": "https://bnpm.byted.org/@rspack/binding-linux-riscv64-gnu/-/binding-linux-riscv64-gnu-2.1.10.tgz",
      "integrity": "sha512-GMGTJpy9/ecE+5F5IfxZH4bXv0Wx/b2TiehTlCbTksbL+pKpLHYy0rwGdjWDKbmBkhxMMqPiC7PDnn9LbdnnLA==",
      "cpu": [
        "riscv64"
      ],
      "license": "MIT",
      "optional": true,
      "os": [
        "linux"
      ]
    },
    "node_modules/@rspack/binding-linux-riscv64-musl": {
      "version": "2.1.10",
      "resolved": "https://bnpm.byted.org/@rspack/binding-linux-riscv64-musl/-/binding-linux-riscv64-musl-2.1.10.tgz",
      "integrity": "sha512-rkurnAWc04vIbzG1QCrPBWSJadZvaOt1mazFH3EdiJO8VUiu0I1T9zdiwuDOPrd50lOKIZlcTXbd5aaAkWEnvQ==",
      "cpu": [
        "riscv64"
      ],
      "license": "MIT",
      "optional": true,
      "os": [
        "linux"
      ]
    },
    "node_modules/@rspack/binding-linux-s390x-gnu": {
      "version": "2.1.10",
      "resolved": "https://bnpm.byted.org/@rspack/binding-linux-s390x-gnu/-/binding-linux-s390x-gnu-2.1.10.tgz",
      "integrity": "sha512-X+DyxkriZEAF/wihI7ERDv+CAS0mbMv36aEuQ+vXzTlvS6cSmpou/r29AHbvIF3NlG1UeAbDVlOs9QrMBZjpUQ==",
      "cpu": [
        "s390x"
      ],
      "license": "MIT",
      "optional": true,
      "os": [
        "linux"
      ]
    },
    "node_modules/@rspack/binding-linux-x64-gnu": {
      "version": "2.1.10",
      "resolved": "https://bnpm.byted.org/@rspack/binding-linux-x64-gnu/-/binding-linux-x64-gnu-2.1.10.tgz",
      "integrity": "sha512-Fat09V6jUuyo9qG7Wyj9cQ31VDfLmokXyBtGqKxY5OvSWHereB7QUub5btbPXHwbp6Iq4aAQyUbbLTzvR1YaBw==",
      "cpu": [
        "x64"
      ],
      "license": "MIT",
      "optional": true,
      "os": [
        "linux"
      ]
    },
    "node_modules/@rspack/binding-linux-x64-musl": {
      "version": "2.1.10",
      "resolved": "https://bnpm.byted.org/@rspack/binding-linux-x64-musl/-/binding-linux-x64-musl-2.1.10.tgz",
      "integrity": "sha512-lhHOnIJ4ClpIlA1f1L8aoxEZivYLjnjq5A6jKKz7BKsm+cHK8kqqEm6lO5KqA5xQT0Lonq1o28bmKHEj6JHInw==",
      "cpu": [
        "x64"
      ],
      "license": "MIT",
      "optional": true,
      "os": [
        "linux"
      ]
    },
    "node_modules/@rspack/binding-wasm32-wasi": {
      "version": "2.1.10",
      "resolved": "https://bnpm.byted.org/@rspack/binding-wasm32-wasi/-/binding-wasm32-wasi-2.1.10.tgz",
      "integrity": "sha512-KY5YbWbuvYcoaLXnV+vzZOvGRCeb6jt4EpVpKdph1h1IJjwX/ju15EQ+GOe3iecZEdf0OttQcNVcwBkLkFT9ag==",
      "cpu": [
        "wasm32"
      ],
      "license": "MIT",
      "optional": true,
      "dependencies": {
        "@emnapi/core": "1.11.3",
        "@emnapi/runtime": "1.11.3",
        "@napi-rs/wasm-runtime": "1.1.6"
      }
    },
    "node_modules/@rspack/binding-win32-arm64-msvc": {
      "version": "2.1.10",
      "resolved": "https://bnpm.byted.org/@rspack/binding-win32-arm64-msvc/-/binding-win32-arm64-msvc-2.1.10.tgz",
      "integrity": "sha512-z4GWzMLofaDGpAt9Z+MlN88LlUBDm+zM6R2GdOOPM6/4g/h3/+47OP7casmSL3AwTGYBEJqogwt08sRSosB6Cg==",
      "cpu": [
        "arm64"
      ],
      "license": "MIT",
      "optional": true,
      "os": [
        "win32"
      ]
    },
    "node_modules/@rspack/binding-win32-ia32-msvc": {
      "version": "2.1.10",
      "resolved": "https://bnpm.byted.org/@rspack/binding-win32-ia32-msvc/-/binding-win32-ia32-msvc-2.1.10.tgz",
      "integrity": "sha512-7qcWdsZ+GuGtzKjqgy7wTN7Dso/ezIY8yhx1r2yIbcczdmXj4FhaEampMDp/25HwtKwIGBBoh6HHSt3JWxpTUg==",
      "cpu": [
        "ia32"
      ],
      "license": "MIT",
      "optional": true,
      "os": [
        "win32"
      ]
    },
    "node_modules/@rspack/binding-win32-x64-msvc": {
      "version": "2.1.10",
      "resolved": "https://bnpm.byted.org/@rspack/binding-win32-x64-msvc/-/binding-win32-x64-msvc-2.1.10.tgz",
      "integrity": "sha512-pgp23pLrzfhGnKycxzr7ifP17lAbWZEfnx1bX8gXtYrnpJ66DRNyTKSzxB6sa/HBWjS1L8PX5TjMZ44WfPydqQ==",
      "cpu": [
        "x64"
      ],
      "license": "MIT",
      "optional": true,
      "os": [
        "win32"
      ]
    },
    "node_modules/@rspack/cli": {
      "version": "2.1.10",
      "resolved": "https://bnpm.byted.org/@rspack/cli/-/cli-2.1.10.tgz",
      "integrity": "sha512-qkuQQ3PzD2sTS2tBAWyWNeOeZmPxRBzB+eNDBhCZmbm8DoMPujW2VQj0k9CulrkBq9sBxU8fQ+5Z/ELzbz5S8g==",
      "license": "MIT",
      "bin": {
        "rspack": "bin/rspack.js"
      },
      "peerDependencies": {
        "@rspack/core": "^2.0.0-0",
        "@rspack/dev-server": "^2.0.0-0"
      },
      "peerDependenciesMeta": {
        "@rspack/dev-server": {
          "optional": true
        }
      }
    },
    "node_modules/@rspack/core": {
      "version": "2.1.10",
      "resolved": "https://bnpm.byted.org/@rspack/core/-/core-2.1.10.tgz",
      "integrity": "sha512-YSS2/Xxz8uiG/KXDkqOoA3dTetNo/vysk7bAexQOrU8iuq7JuzDTTAwLKvWZnwmvME8M8m5wcM4YvfIwYmidHA==",
      "license": "MIT",
      "peer": true,
      "dependencies": {
        "@rspack/binding": "2.1.10"
      },
      "engines": {
        "node": "^20.19.0 || >=22.12.0"
      },
      "peerDependencies": {
        "@module-federation/runtime-tools": "^0.24.1 || ^2.0.0",
        "@swc/helpers": "^0.5.23"
      },
      "peerDependenciesMeta": {
        "@module-federation/runtime-tools": {
          "optional": true
        },
        "@swc/helpers": {
          "optional": true
        }
      }
    },
    "node_modules/@tybys/wasm-util": {
      "version": "0.10.3",
      "resolved": "https://bnpm.byted.org/@tybys/wasm-util/-/wasm-util-0.10.3.tgz",
      "integrity": "sha512-F3fo1MYrRJYL3zER0OUOmkutjr1Vp23m7OsSgp7nq4SP6OqX6C/56XFIPAl5bt3zaBRjmW7SGz3u/6LwFpYcOg==",
      "license": "MIT",
      "optional": true,
      "dependencies": {
        "tslib": "^2.4.0"
      }
    },
    "node_modules/tslib": {
      "version": "2.8.1",
      "resolved": "https://bnpm.byted.org/tslib/-/tslib-2.8.1.tgz",
      "integrity": "sha512-oJFu94HQb+KVduSUQL7wnpmqnfmLsOA/nAh6b6EH0wCEoK0/mPeXU6c3wKDV83MkOuHPRHtSXKKU99IBazS/2w==",
      "license": "0BSD",
      "optional": true
    }
  }
}
